
Microsoft Visual Studio Solution File, Format Version 12.00
# Visual Studio Version 16
VisualStudioVersion = 16.0.32002.261
MinimumVisualStudioVersion = 10.0.40219.1
Project("{F184B08F-C81C-45F6-A57F-5ABD9991F28F}") = "ArrayExample", "ArrayExample\ArrayExample.vbproj", "{96955F30-D989-4F32-BACE-1A097D1501B3}"
EndProject
Global
	GlobalSection(SolutionConfigurationPlatforms) = preSolution
		Debug|Any CPU = Debug|Any CPU
		Release|Any CPU = Release|Any CPU
	EndGlobalSection
	GlobalSection(ProjectConfigurationPlatforms) = postSolution
		{96955F30-D989-4F32-BACE-1A097D1501B3}.Debug|Any CPU.ActiveCfg = Debug|Any CPU
		{96955F30-D989-4F32-BACE-1A097D1501B3}.Debug|Any CPU.Build.0 = Debug|Any CPU
		{96955F30-D989-4F32-BACE-1A097D1501B3}.Release|Any CPU.ActiveCfg = Release|Any CPU
		{96955F30-D989-4F32-BACE-1A097D1501B3}.Release|Any CPU.Build.0 = Release|Any CPU
	EndGlobalSection
	GlobalSection(SolutionProperties) = preSolution
		HideSolutionNode = FALSE
	EndGlobalSection
	GlobalSection(ExtensibilityGlobals) = postSolution
		SolutionGuid = {95D4FBD4-A94D-4161-A9AD-3F85F210C58C}
	EndGlobalSection
EndGlobal
